// !$*UTF8*$!
{
	archiveVersion = 1;
	classes = {
	};
	objectVersion = 46;
	objects = {
/* Begin PBXBuildFile section */
		0207DA581B56EA530066E2B4 /* Images.xcassets in Resources */ = {isa = PBXBuildFile; fileRef = 0207DA571B56EA530066E2B4 /* Images.xcassets */; };
		1D3623260D0F684500981E51 /* AppDelegate.m in Sources */ = {isa = PBXBuildFile; fileRef = 1D3623250D0F684500981E51 /* AppDelegate.m */; };
		1D60589B0D05DD56006BFB54 /* main.m in Sources */ = {isa = PBXBuildFile; fileRef = 29B97316FDCFA39411CA2CEA /* main.m */; };
		301BF552109A68D80062928A /* libCordova.a in Frameworks */ = {isa = PBXBuildFile; fileRef = 301BF535109A57CC0062928A /* libCordova.a */; };
		302D95F114D2391D003F00A1 /* MainViewController.m in Sources */ = {isa = PBXBuildFile; fileRef = 302D95EF14D2391D003F00A1 /* MainViewController.m */; };
		302D95F214D2391D003F00A1 /* MainViewController.xib in Resources */ = {isa = PBXBuildFile; fileRef = 302D95F014D2391D003F00A1 /* MainViewController.xib */; };
		3047A5121AB8059700498E2A /* build-debug.xcconfig in Resources */ = {isa = PBXBuildFile; fileRef = 3047A50F1AB8059700498E2A /* build-debug.xcconfig */; };
		3047A5131AB8059700498E2A /* build-release.xcconfig in Resources */ = {isa = PBXBuildFile; fileRef = 3047A5101AB8059700498E2A /* build-release.xcconfig */; };
		3047A5141AB8059700498E2A /* build.xcconfig in Resources */ = {isa = PBXBuildFile; fileRef = 3047A5111AB8059700498E2A /* build.xcconfig */; };
		132D7C4FA0D84422847B2A7A /* CFNetwork.framework in Frameworks */ = {isa = PBXBuildFile; fileRef = FED6B8F331284844B668C6AE /* CFNetwork.framework */; };
		54948A8A25864ECBBC57D7D6 /* AdSupport.framework in Frameworks */ = {isa = PBXBuildFile; fileRef = B4A63D3FF5CC42D98AB31EC6 /* AdSupport.framework */; };
		5388314F221C4C3D8EB1BD69 /* AudioToolbox.framework in Frameworks */ = {isa = PBXBuildFile; fileRef = 787CC9C8AE5D4002957BBE4D /* AudioToolbox.framework */; };
		4B2FF88FB98D42E4B1997CC3 /* AVFoundation.framework in Frameworks */ = {isa = PBXBuildFile; fileRef = C233D62DEDBD41429970A123 /* AVFoundation.framework */; };
		1F1D2A85A4BA42B5BB744BE3 /* CoreBluetooth.framework in Frameworks */ = {isa = PBXBuildFile; fileRef = 5CE7B934DEF94C118808BC91 /* CoreBluetooth.framework */; };
		57D59A8AEF9644AE8B41052B /* CoreLocation.framework in Frameworks */ = {isa = PBXBuildFile; fileRef = 04A223D0ABD7442CAAA389E9 /* CoreLocation.framework */; };
		18B6700CB54B4DD5B7E04712 /* CoreMedia.framework in Frameworks */ = {isa = PBXBuildFile; fileRef = 29EC3601D04147199D1967DE /* CoreMedia.framework */; };
		14F62412CB054734BD2AF538 /* CoreMotion.framework in Frameworks */ = {isa = PBXBuildFile; fileRef = F7B55643EAAC47A09B6AAB9D /* CoreMotion.framework */; };
		FD5AF8CD53CC44D29FCC349D /* CoreTelephony.framework in Frameworks */ = {isa = PBXBuildFile; fileRef = 047B64F7C9A3418A8580A057 /* CoreTelephony.framework */; };
		9D1A23F4D59C432283B94A81 /* CoreVideo.framework in Frameworks */ = {isa = PBXBuildFile; fileRef = 9B90E3BFBAD04AE6B1BE6189 /* CoreVideo.framework */; };
		96B6A9D8AF7841DE9E847CDB /* EventKit.framework in Frameworks */ = {isa = PBXBuildFile; fileRef = A32016F088DF42E796CE8032 /* EventKit.framework */; };
		55B31FCE73EB4028AE6050A6 /* EventKitUI.framework in Frameworks */ = {isa = PBXBuildFile; fileRef = D63BC9F9CA2D42A0BB05B534 /* EventKitUI.framework */; };
		D85BBC0DEC2042CFBD770AF3 /* Foundation.framework in Frameworks */ = {isa = PBXBuildFile; fileRef = E6B5C3D2A64D471896D96EF1 /* Foundation.framework */; };
		EC37D04D00BB45D7987AEB4E /* GLKit.framework in Frameworks */ = {isa = PBXBuildFile; fileRef = 4CE8A680D9854831A071111E /* GLKit.framework */; };
		309E9460087C41A9B26D3B99 /* MediaPlayer.framework in Frameworks */ = {isa = PBXBuildFile; fileRef = 809868BA6CB6494BA57BA4D1 /* MediaPlayer.framework */; };
		B33045F2C50D4956B656CB90 /* MessageUI.framework in Frameworks */ = {isa = PBXBuildFile; fileRef = 8C157597CC2343739C7CD46B /* MessageUI.framework */; };
		A92CEC8AF603412ABEBC5BE5 /* OpenGLES.framework in Frameworks */ = {isa = PBXBuildFile; fileRef = 9B36968ED6014514B696E505 /* OpenGLES.framework */; };
		680288EE07184E578CEA8A94 /* SafariServices.framework in Frameworks */ = {isa = PBXBuildFile; fileRef = 32EAE0DBE513498CACE38410 /* SafariServices.framework */; };
		6927B0C917F549D18E8D57C4 /* StoreKit.framework in Frameworks */ = {isa = PBXBuildFile; fileRef = DC910FE81FC44B60B4C4694C /* StoreKit.framework */; };
		79BEF876B5734F97B52D9641 /* SystemConfiguration.framework in Frameworks */ = {isa = PBXBuildFile; fileRef = B7579936072C4080833EB9B7 /* SystemConfiguration.framework */; };
		EB2CB293CDB94223B53A45C9 /* UIKit.framework in Frameworks */ = {isa = PBXBuildFile; fileRef = 3AC498026D1B44259E5E75CE /* UIKit.framework */; };
		6489D314541E4107B997AEF7 /* ImageIO.framework in Frameworks */ = {isa = PBXBuildFile; fileRef = 97F09DAC255C43658940EDC0 /* ImageIO.framework */; settings = {ATTRIBUTES = (Weak, ); }; };
		8926823673F040E7A82466B5 /* Social.framework in Frameworks */ = {isa = PBXBuildFile; fileRef = 008807530AAD43A4B529CDF5 /* Social.framework */; settings = {ATTRIBUTES = (Weak, ); }; };
		41E7D59350BE4EB58CC90FF7 /* CDVAdMobPlugin.m in Sources */ = {isa = PBXBuildFile; fileRef = 985EEBBDABD64FD78C59AEE5 /* CDVAdMobPlugin.m */; };
		93BAD3B9B68A4AA08700D564 /* AdMobMediation.m in Sources */ = {isa = PBXBuildFile; fileRef = B5AFBDA7DF5A424E9BF0E294 /* AdMobMediation.m */; };
		D54FEFE02D70485AA47229ED /* GoogleMobileAds.framework in Frameworks */ = {isa = PBXBuildFile; fileRef = 54376D7859824778B01868DA /* GoogleMobileAds.framework */; };
		C08049B249934E898D63D637 /* UIImage+CropScaleOrientation.m in Sources */ = {isa = PBXBuildFile; fileRef = 6F62E645E28E4AE9B77D71ED /* UIImage+CropScaleOrientation.m */; };
		D6F3A5403C424B519AAB59D9 /* CDVCamera.m in Sources */ = {isa = PBXBuildFile; fileRef = F75706FAEF594062922D7562 /* CDVCamera.m */; };
		12C8730F31424D4A888440F8 /* CDVJpegHeaderWriter.m in Sources */ = {isa = PBXBuildFile; fileRef = 3E5CF9CD15E847A59C72A366 /* CDVJpegHeaderWriter.m */; };
		098FF2FDDA9842BF81170812 /* CDVLogger.m in Sources */ = {isa = PBXBuildFile; fileRef = FF7C9022DB494A6C9D3A1703 /* CDVLogger.m */; };
		DCB4D6F81C36420EB4F8ABB2 /* CDVDevice.m in Sources */ = {isa = PBXBuildFile; fileRef = 2F1DF4A8ADC045DFA48CB49F /* CDVDevice.m */; };
		DA84C82A2D1F4B1690DA4B8A /* CDVNotification.m in Sources */ = {isa = PBXBuildFile; fileRef = BA47A27C67E7432B90FDAC36 /* CDVNotification.m */; };
		166FABB530DD49558628237D /* CDVNotification.bundle in Resources */ = {isa = PBXBuildFile; fileRef = BB79BB68D1F74879A60AD4B6 /* CDVNotification.bundle */; };
		4FB157E6CFFF403DB89F7310 /* CDVFile.m in Sources */ = {isa = PBXBuildFile; fileRef = CD8CAF3B50354623B9F052DB /* CDVFile.m */; };
		6114C1BC045E49E9AC1E008D /* CDVLocalFilesystem.m in Sources */ = {isa = PBXBuildFile; fileRef = 2E0F5681CEAB4C88B9CF215C /* CDVLocalFilesystem.m */; };
		5919ABE359A14B27A101C9F0 /* CDVAssetLibraryFilesystem.m in Sources */ = {isa = PBXBuildFile; fileRef = FAAD17A219CC447AAA49BAB9 /* CDVAssetLibraryFilesystem.m */; };
		CF4629C01EB147BB8FC5A96D /* CDVFileTransfer.m in Sources */ = {isa = PBXBuildFile; fileRef = 97760038E493479C95E5348E /* CDVFileTransfer.m */; };
		D201710F38804952B3AAEE01 /* CDVInAppBrowser.m in Sources */ = {isa = PBXBuildFile; fileRef = 877A0352C2684AE899BEDB97 /* CDVInAppBrowser.m */; };
		82D72140E2E943F3A136D239 /* CDVCapture.m in Sources */ = {isa = PBXBuildFile; fileRef = A0A8C117681C410A8E4D3A02 /* CDVCapture.m */; };
		B4BB6CFCFEBC4240924FC623 /* CDVCapture.bundle in Resources */ = {isa = PBXBuildFile; fileRef = 54D05B132A914278A0E9437A /* CDVCapture.bundle */; };
		0602CB1AD0F040868041C5A1 /* YoikScreenOrientation.m in Sources */ = {isa = PBXBuildFile; fileRef = 9FDC5A1B0A5046AFAA71262C /* YoikScreenOrientation.m */; };
		86F3827D25B74A98842CB649 /* CDVViewController+UpdateSupportedOrientations.m in Sources */ = {isa = PBXBuildFile; fileRef = A2DB98A01918493DAFC5C1BA /* CDVViewController+UpdateSupportedOrientations.m */; };
		BE0C16711139433386E516AD /* CDVSplashScreen.m in Sources */ = {isa = PBXBuildFile; fileRef = B88C1D9AEF2E447E9F54989B /* CDVSplashScreen.m */; };
		6DC50B188C8D4060A3856DB1 /* CDVViewController+SplashScreen.m in Sources */ = {isa = PBXBuildFile; fileRef = B8461AFE16984AFD9A7E6FCB /* CDVViewController+SplashScreen.m */; };
		80FEF65F8B1E4851B92E7EDA /* CDVStatusBar.m in Sources */ = {isa = PBXBuildFile; fileRef = 208198EB0B254ABE967E74D6 /* CDVStatusBar.m */; };
		C3985E79867A41BDB4EAFE0D /* NSString+URLEncoding.m in Sources */ = {isa = PBXBuildFile; fileRef = 83C1D73801324E5F98A5DC2C /* NSString+URLEncoding.m */; };
		6C356B15684743268D09A4AB /* SocialSharing.m in Sources */ = {isa = PBXBuildFile; fileRef = E1D82A8B70A54364BE8A0DFB /* SocialSharing.m */; };
		C91A03D068684BEA8CCC394F /* APPLocalNotification.m in Sources */ = {isa = PBXBuildFile; fileRef = 9A949BF117EC4D168107C366 /* APPLocalNotification.m */; };
		285218494A914662949234CE /* APPLocalNotificationOptions.m in Sources */ = {isa = PBXBuildFile; fileRef = 3CE253F0CCEB4E359D16ABB6 /* APPLocalNotificationOptions.m */; };
		7C8ACD90EBBC426DB4792DB2 /* UIApplication+APPLocalNotification.m in Sources */ = {isa = PBXBuildFile; fileRef = 881A4A257CC643A292BC8D61 /* UIApplication+APPLocalNotification.m */; };
		10C5CD2D04FB47FB980DA37A /* UILocalNotification+APPLocalNotification.m in Sources */ = {isa = PBXBuildFile; fileRef = 5544B0057DC7436B9CE79412 /* UILocalNotification+APPLocalNotification.m */; };
		7FE9024902834D64A999FC7D /* IonicKeyboard.m in Sources */ = {isa = PBXBuildFile; fileRef = 7A9DB52C55AD4B64A4FC8C77 /* IonicKeyboard.m */; };
		A1C3E9C6CF99484BB0B786D7 /* CDVPluginExt.m in Sources */ = {isa = PBXBuildFile; fileRef = FFF95FF43AA04604936E4696 /* CDVPluginExt.m */; };
		51F689ED093F4C479A2D9019 /* libCordovaGenericAd.a in Frameworks */ = {isa = PBXBuildFile; fileRef = 7EE97CFC6A4A414DBAA74FA8 /* libCordovaGenericAd.a */; };
		780925E8C7FF415392D79399 /* AppDelegate+APPAppEvent.m in Sources */ = {isa = PBXBuildFile; fileRef = 2FECCF70058D4B26BF21B775 /* AppDelegate+APPAppEvent.m */; };
		373738D5B9434DE8AF1066DE /* CDVPlugin+APPAppEvent.m in Sources */ = {isa = PBXBuildFile; fileRef = 47611195BD504E558672D320 /* CDVPlugin+APPAppEvent.m */; };
		388DCE927642438EA83A9220 /* CDVConnection.m in Sources */ = {isa = PBXBuildFile; fileRef = 1ABCBF48A1F34302B31688EB /* CDVConnection.m */; };
		A05273596FE8400281564300 /* CDVReachability.m in Sources */ = {isa = PBXBuildFile; fileRef = 8704DFB32EC042D2B30EB083 /* CDVReachability.m */; };
		B4418C9074474DFFBBE02AC7 /* SQLitePlugin.m in Sources */ = {isa = PBXBuildFile; fileRef = 05DD0C11974342548ECEAA3F /* SQLitePlugin.m */; };
		10553B6345624631BDCB0CD0 /* sqlite3.c in Resources */ = {isa = PBXBuildFile; fileRef = 6DC938BF747A453D864E2E66 /* sqlite3.c */; settings = {COMPILER_FLAGS = "-DSQLITE_TEMP_STORE=2 -DSQLITE_THREADSAFE=2 -DSQLITE_ENABLE_FTS3 -DSQLITE_ENABLE_FTS3_PARENTHESIS -DSQLITE_ENABLE_FTS4 -DSQLITE_ENABLE_COLUMN_METADATA -DSQLITE_ENABLE_RTREE -DSQLITE_LOCKING_STYLE=1 -DSQLITE_OMIT_BUILTIN_TEST -DSQLITE_OMIT_LOAD_EXTENSION"; }; };
/* End PBXBuildFile section */

/* Begin PBXContainerItemProxy section */
		301BF534109A57CC0062928A /* PBXContainerItemProxy */ = {
			isa = PBXContainerItemProxy;
			containerPortal = 301BF52D109A57CC0062928A /* CordovaLib.xcodeproj */;
			proxyType = 2;
			remoteGlobalIDString = D2AAC07E0554694100DB518D;
			remoteInfo = CordovaLib;
		};
		301BF550109A68C00062928A /* PBXContainerItemProxy */ = {
			isa = PBXContainerItemProxy;
			containerPortal = 301BF52D109A57CC0062928A /* CordovaLib.xcodeproj */;
			proxyType = 1;
			remoteGlobalIDString = D2AAC07D0554694100DB518D;
			remoteInfo = CordovaLib;
		};
/* End PBXContainerItemProxy section */

/* Begin PBXFileReference section */
		0207DA571B56EA530066E2B4 /* Images.xcassets */ = {isa = PBXFileReference; lastKnownFileType = folder.assetcatalog; name = Images.xcassets; path = "springnews/Images.xcassets"; sourceTree = SOURCE_ROOT; };
		1D3623240D0F684500981E51 /* AppDelegate.h */ = {isa = PBXFileReference; fileEncoding = 4; lastKnownFileType = sourcecode.c.h; path = AppDelegate.h; sourceTree = "<group>"; };
		1D3623250D0F684500981E51 /* AppDelegate.m */ = {isa = PBXFileReference; fileEncoding = 4; lastKnownFileType = sourcecode.c.objc; path = AppDelegate.m; sourceTree = "<group>"; };
		1D6058910D05DD3D006BFB54 /* springnews.app */ = {isa = PBXFileReference; explicitFileType = wrapper.application; includeInIndex = 0; path = "springnews.app"; sourceTree = BUILT_PRODUCTS_DIR; };
		29B97316FDCFA39411CA2CEA /* main.m */ = {isa = PBXFileReference; fileEncoding = 4; lastKnownFileType = sourcecode.c.objc; path = main.m; sourceTree = "<group>"; };
		301BF52D109A57CC0062928A /* CordovaLib.xcodeproj */ = {isa = PBXFileReference; lastKnownFileType = "wrapper.pb-project"; name = CordovaLib.xcodeproj; path = CordovaLib/CordovaLib.xcodeproj; sourceTree = "<group>"; };
		301BF56E109A69640062928A /* www */ = {isa = PBXFileReference; lastKnownFileType = folder; path = www; sourceTree = SOURCE_ROOT; };
		302D95EE14D2391D003F00A1 /* MainViewController.h */ = {isa = PBXFileReference; fileEncoding = 4; lastKnownFileType = sourcecode.c.h; path = MainViewController.h; sourceTree = "<group>"; };
		302D95EF14D2391D003F00A1 /* MainViewController.m */ = {isa = PBXFileReference; fileEncoding = 4; lastKnownFileType = sourcecode.c.objc; path = MainViewController.m; sourceTree = "<group>"; };
		302D95F014D2391D003F00A1 /* MainViewController.xib */ = {isa = PBXFileReference; fileEncoding = 4; lastKnownFileType = file.xib; path = MainViewController.xib; sourceTree = "<group>"; };
		3047A50F1AB8059700498E2A /* build-debug.xcconfig */ = {isa = PBXFileReference; fileEncoding = 4; lastKnownFileType = text.xcconfig; name = "build-debug.xcconfig"; path = cordova/build-debug.xcconfig; sourceTree = SOURCE_ROOT; };
		3047A5101AB8059700498E2A /* build-release.xcconfig */ = {isa = PBXFileReference; fileEncoding = 4; lastKnownFileType = text.xcconfig; name = "build-release.xcconfig"; path = cordova/build-release.xcconfig; sourceTree = SOURCE_ROOT; };
		3047A5111AB8059700498E2A /* build.xcconfig */ = {isa = PBXFileReference; fileEncoding = 4; lastKnownFileType = text.xcconfig; name = build.xcconfig; path = cordova/build.xcconfig; sourceTree = SOURCE_ROOT; };
		32CA4F630368D1EE00C91783 /* springnews-Prefix.pch */ = {isa = PBXFileReference; fileEncoding = 4; lastKnownFileType = sourcecode.c.h; path = "springnews-Prefix.pch"; sourceTree = "<group>"; };
		8D1107310486CEB800E47090 /* springnews-Info.plist */ = {isa = PBXFileReference; fileEncoding = 4; lastKnownFileType = text.plist.xml; name = "springnews-Info.plist"; path = "springnews/springnews-Info.plist"; plistStructureDefinitionIdentifier = "com.apple.xcode.plist.structure-definition.iphone.info-plist"; sourceTree = SOURCE_ROOT; };
		EB87FDF31871DA8E0020F90C /* www */ = {isa = PBXFileReference; lastKnownFileType = folder; name = www; path = ../../www; sourceTree = "<group>"; };
		EB87FDF41871DAF40020F90C /* config.xml */ = {isa = PBXFileReference; lastKnownFileType = text.xml; name = config.xml; path = ../../config.xml; sourceTree = "<group>"; };
		F840E1F0165FE0F500CFE078 /* config.xml */ = {isa = PBXFileReference; lastKnownFileType = text.xml; name = config.xml; path = "springnews/config.xml"; sourceTree = "<group>"; };
		ED33DF2A687741AEAF9F8254 /* Bridging-Header.h */ = {isa = PBXFileReference; fileEncoding = 4; lastKnownFileType = sourcecode.c.h; name = "Bridging-Header.h"; path = "Bridging-Header.h"; sourceTree = "<group>"; };
		FED6B8F331284844B668C6AE /* CFNetwork.framework */ = {isa = PBXFileReference; name = "CFNetwork.framework"; path = "System/Library/Frameworks/CFNetwork.framework"; sourceTree = SDKROOT; fileEncoding = undefined; lastKnownFileType = wrapper.framework; explicitFileType = undefined; includeInIndex = 0; };
		B4A63D3FF5CC42D98AB31EC6 /* AdSupport.framework */ = {isa = PBXFileReference; name = "AdSupport.framework"; path = "System/Library/Frameworks/AdSupport.framework"; sourceTree = SDKROOT; fileEncoding = undefined; lastKnownFileType = wrapper.framework; explicitFileType = undefined; includeInIndex = 0; };
		787CC9C8AE5D4002957BBE4D /* AudioToolbox.framework */ = {isa = PBXFileReference; name = "AudioToolbox.framework"; path = "System/Library/Frameworks/AudioToolbox.framework"; sourceTree = SDKROOT; fileEncoding = undefined; lastKnownFileType = wrapper.framework; explicitFileType = undefined; includeInIndex = 0; };
		C233D62DEDBD41429970A123 /* AVFoundation.framework */ = {isa = PBXFileReference; name = "AVFoundation.framework"; path = "System/Library/Frameworks/AVFoundation.framework"; sourceTree = SDKROOT; fileEncoding = undefined; lastKnownFileType = wrapper.framework; explicitFileType = undefined; includeInIndex = 0; };
		5CE7B934DEF94C118808BC91 /* CoreBluetooth.framework */ = {isa = PBXFileReference; name = "CoreBluetooth.framework"; path = "System/Library/Frameworks/CoreBluetooth.framework"; sourceTree = SDKROOT; fileEncoding = undefined; lastKnownFileType = wrapper.framework; explicitFileType = undefined; includeInIndex = 0; };
		04A223D0ABD7442CAAA389E9 /* CoreLocation.framework */ = {isa = PBXFileReference; name = "CoreLocation.framework"; path = "System/Library/Frameworks/CoreLocation.framework"; sourceTree = SDKROOT; fileEncoding = undefined; lastKnownFileType = wrapper.framework; explicitFileType = undefined; includeInIndex = 0; };
		29EC3601D04147199D1967DE /* CoreMedia.framework */ = {isa = PBXFileReference; name = "CoreMedia.framework"; path = "System/Library/Frameworks/CoreMedia.framework"; sourceTree = SDKROOT; fileEncoding = undefined; lastKnownFileType = wrapper.framework; explicitFileType = undefined; includeInIndex = 0; };
		F7B55643EAAC47A09B6AAB9D /* CoreMotion.framework */ = {isa = PBXFileReference; name = "CoreMotion.framework"; path = "System/Library/Frameworks/CoreMotion.framework"; sourceTree = SDKROOT; fileEncoding = undefined; lastKnownFileType = wrapper.framework; explicitFileType = undefined; includeInIndex = 0; };
		047B64F7C9A3418A8580A057 /* CoreTelephony.framework */ = {isa = PBXFileReference; name = "CoreTelephony.framework"; path = "System/Library/Frameworks/CoreTelephony.framework"; sourceTree = SDKROOT; fileEncoding = undefined; lastKnownFileType = wrapper.framework; explicitFileType = undefined; includeInIndex = 0; };
		9B90E3BFBAD04AE6B1BE6189 /* CoreVideo.framework */ = {isa = PBXFileReference; name = "CoreVideo.framework"; path = "System/Library/Frameworks/CoreVideo.framework"; sourceTree = SDKROOT; fileEncoding = undefined; lastKnownFileType = wrapper.framework; explicitFileType = undefined; includeInIndex = 0; };
		A32016F088DF42E796CE8032 /* EventKit.framework */ = {isa = PBXFileReference; name = "EventKit.framework"; path = "System/Library/Frameworks/EventKit.framework"; sourceTree = SDKROOT; fileEncoding = undefined; lastKnownFileType = wrapper.framework; explicitFileType = undefined; includeInIndex = 0; };
		D63BC9F9CA2D42A0BB05B534 /* EventKitUI.framework */ = {isa = PBXFileReference; name = "EventKitUI.framework"; path = "System/Library/Frameworks/EventKitUI.framework"; sourceTree = SDKROOT; fileEncoding = undefined; lastKnownFileType = wrapper.framework; explicitFileType = undefined; includeInIndex = 0; };
		E6B5C3D2A64D471896D96EF1 /* Foundation.framework */ = {isa = PBXFileReference; name = "Foundation.framework"; path = "System/Library/Frameworks/Foundation.framework"; sourceTree = SDKROOT; fileEncoding = undefined; lastKnownFileType = wrapper.framework; explicitFileType = undefined; includeInIndex = 0; };
		4CE8A680D9854831A071111E /* GLKit.framework */ = {isa = PBXFileReference; name = "GLKit.framework"; path = "System/Library/Frameworks/GLKit.framework"; sourceTree = SDKROOT; fileEncoding = undefined; lastKnownFileType = wrapper.framework; explicitFileType = undefined; includeInIndex = 0; };
		809868BA6CB6494BA57BA4D1 /* MediaPlayer.framework */ = {isa = PBXFileReference; name = "MediaPlayer.framework"; path = "System/Library/Frameworks/MediaPlayer.framework"; sourceTree = SDKROOT; fileEncoding = undefined; lastKnownFileType = wrapper.framework; explicitFileType = undefined; includeInIndex = 0; };
		8C157597CC2343739C7CD46B /* MessageUI.framework */ = {isa = PBXFileReference; name = "MessageUI.framework"; path = "System/Library/Frameworks/MessageUI.framework"; sourceTree = SDKROOT; fileEncoding = undefined; lastKnownFileType = wrapper.framework; explicitFileType = undefined; includeInIndex = 0; };
		9B36968ED6014514B696E505 /* OpenGLES.framework */ = {isa = PBXFileReference; name = "OpenGLES.framework"; path = "System/Library/Frameworks/OpenGLES.framework"; sourceTree = SDKROOT; fileEncoding = undefined; lastKnownFileType = wrapper.framework; explicitFileType = undefined; includeInIndex = 0; };
		32EAE0DBE513498CACE38410 /* SafariServices.framework */ = {isa = PBXFileReference; name = "SafariServices.framework"; path = "System/Library/Frameworks/SafariServices.framework"; sourceTree = SDKROOT; fileEncoding = undefined; lastKnownFileType = wrapper.framework; explicitFileType = undefined; includeInIndex = 0; };
		DC910FE81FC44B60B4C4694C /* StoreKit.framework */ = {isa = PBXFileReference; name = "StoreKit.framework"; path = "System/Library/Frameworks/StoreKit.framework"; sourceTree = SDKROOT; fileEncoding = undefined; lastKnownFileType = wrapper.framework; explicitFileType = undefined; includeInIndex = 0; };
		B7579936072C4080833EB9B7 /* SystemConfiguration.framework */ = {isa = PBXFileReference; name = "SystemConfiguration.framework"; path = "System/Library/Frameworks/SystemConfiguration.framework"; sourceTree = SDKROOT; fileEncoding = undefined; lastKnownFileType = wrapper.framework; explicitFileType = undefined; includeInIndex = 0; };
		3AC498026D1B44259E5E75CE /* UIKit.framework */ = {isa = PBXFileReference; name = "UIKit.framework"; path = "System/Library/Frameworks/UIKit.framework"; sourceTree = SDKROOT; fileEncoding = undefined; lastKnownFileType = wrapper.framework; explicitFileType = undefined; includeInIndex = 0; };
		97F09DAC255C43658940EDC0 /* ImageIO.framework */ = {isa = PBXFileReference; name = "ImageIO.framework"; path = "System/Library/Frameworks/ImageIO.framework"; sourceTree = SDKROOT; fileEncoding = undefined; lastKnownFileType = wrapper.framework; explicitFileType = undefined; includeInIndex = 0; };
		008807530AAD43A4B529CDF5 /* Social.framework */ = {isa = PBXFileReference; name = "Social.framework"; path = "System/Library/Frameworks/Social.framework"; sourceTree = SDKROOT; fileEncoding = undefined; lastKnownFileType = wrapper.framework; explicitFileType = undefined; includeInIndex = 0; };
		985EEBBDABD64FD78C59AEE5 /* CDVAdMobPlugin.m */ = {isa = PBXFileReference; name = "CDVAdMobPlugin.m"; path = "cordova-plugin-admobpro/CDVAdMobPlugin.m"; sourceTree = "<group>"; fileEncoding = 4; lastKnownFileType = sourcecode.c.objc; explicitFileType = undefined; includeInIndex = 0; };
		B5AFBDA7DF5A424E9BF0E294 /* AdMobMediation.m */ = {isa = PBXFileReference; name = "AdMobMediation.m"; path = "cordova-plugin-admobpro/AdMobMediation.m"; sourceTree = "<group>"; fileEncoding = 4; lastKnownFileType = sourcecode.c.objc; explicitFileType = undefined; includeInIndex = 0; };
		D0348FC5504D406DAA103BC9 /* CDVAdMobPlugin.h */ = {isa = PBXFileReference; name = "CDVAdMobPlugin.h"; path = "cordova-plugin-admobpro/CDVAdMobPlugin.h"; sourceTree = "<group>"; fileEncoding = 4; lastKnownFileType = sourcecode.c.h; explicitFileType = undefined; includeInIndex = 0; };
		BCAD0F0E45E6419D90F22AFA /* AdMobMediation.h */ = {isa = PBXFileReference; name = "AdMobMediation.h"; path = "cordova-plugin-admobpro/AdMobMediation.h"; sourceTree = "<group>"; fileEncoding = 4; lastKnownFileType = sourcecode.c.h; explicitFileType = undefined; includeInIndex = 0; };
		54376D7859824778B01868DA /* GoogleMobileAds.framework */ = {isa = PBXFileReference; name = "GoogleMobileAds.framework"; path = "springnews/Plugins/cordova-plugin-admobpro/GoogleMobileAds.framework"; sourceTree = "<group>"; fileEncoding = undefined; lastKnownFileType = wrapper.framework; explicitFileType = undefined; includeInIndex = 0; };
		6F62E645E28E4AE9B77D71ED /* UIImage+CropScaleOrientation.m */ = {isa = PBXFileReference; name = "UIImage+CropScaleOrientation.m"; path = "cordova-plugin-camera/UIImage+CropScaleOrientation.m"; sourceTree = "<group>"; fileEncoding = 4; lastKnownFileType = sourcecode.c.objc; explicitFileType = undefined; includeInIndex = 0; };
		F75706FAEF594062922D7562 /* CDVCamera.m */ = {isa = PBXFileReference; name = "CDVCamera.m"; path = "cordova-plugin-camera/CDVCamera.m"; sourceTree = "<group>"; fileEncoding = 4; lastKnownFileType = sourcecode.c.objc; explicitFileType = undefined; includeInIndex = 0; };
		3E5CF9CD15E847A59C72A366 /* CDVJpegHeaderWriter.m */ = {isa = PBXFileReference; name = "CDVJpegHeaderWriter.m"; path = "cordova-plugin-camera/CDVJpegHeaderWriter.m"; sourceTree = "<group>"; fileEncoding = 4; lastKnownFileType = sourcecode.c.objc; explicitFileType = undefined; includeInIndex = 0; };
		C0051B140D5C4413A948FEAD /* UIImage+CropScaleOrientation.h */ = {isa = PBXFileReference; name = "UIImage+CropScaleOrientation.h"; path = "cordova-plugin-camera/UIImage+CropScaleOrientation.h"; sourceTree = "<group>"; fileEncoding = 4; lastKnownFileType = sourcecode.c.h; explicitFileType = undefined; includeInIndex = 0; };
		54E7164C73E240AF8302A0B2 /* CDVCamera.h */ = {isa = PBXFileReference; name = "CDVCamera.h"; path = "cordova-plugin-camera/CDVCamera.h"; sourceTree = "<group>"; fileEncoding = 4; lastKnownFileType = sourcecode.c.h; explicitFileType = undefined; includeInIndex = 0; };
		40BDACB7622B4DF39E86A06A /* CDVJpegHeaderWriter.h */ = {isa = PBXFileReference; name = "CDVJpegHeaderWriter.h"; path = "cordova-plugin-camera/CDVJpegHeaderWriter.h"; sourceTree = "<group>"; fileEncoding = 4; lastKnownFileType = sourcecode.c.h; explicitFileType = undefined; includeInIndex = 0; };
		EB8CF26DECE44CBEAD236E48 /* CDVExif.h */ = {isa = PBXFileReference; name = "CDVExif.h"; path = "cordova-plugin-camera/CDVExif.h"; sourceTree = "<group>"; fileEncoding = 4; lastKnownFileType = sourcecode.c.h; explicitFileType = undefined; includeInIndex = 0; };
		FF7C9022DB494A6C9D3A1703 /* CDVLogger.m */ = {isa = PBXFileReference; name = "CDVLogger.m"; path = "cordova-plugin-console/CDVLogger.m"; sourceTree = "<group>"; fileEncoding = 4; lastKnownFileType = sourcecode.c.objc; explicitFileType = undefined; includeInIndex = 0; };
		6080CD1EC81D4111A465CB09 /* CDVLogger.h */ = {isa = PBXFileReference; name = "CDVLogger.h"; path = "cordova-plugin-console/CDVLogger.h"; sourceTree = "<group>"; fileEncoding = 4; lastKnownFileType = sourcecode.c.h; explicitFileType = undefined; includeInIndex = 0; };
		2F1DF4A8ADC045DFA48CB49F /* CDVDevice.m */ = {isa = PBXFileReference; name = "CDVDevice.m"; path = "cordova-plugin-device/CDVDevice.m"; sourceTree = "<group>"; fileEncoding = 4; lastKnownFileType = sourcecode.c.objc; explicitFileType = undefined; includeInIndex = 0; };
		4C23AAB3F93C41C3A10F2810 /* CDVDevice.h */ = {isa = PBXFileReference; name = "CDVDevice.h"; path = "cordova-plugin-device/CDVDevice.h"; sourceTree = "<group>"; fileEncoding = 4; lastKnownFileType = sourcecode.c.h; explicitFileType = undefined; includeInIndex = 0; };
		BA47A27C67E7432B90FDAC36 /* CDVNotification.m */ = {isa = PBXFileReference; name = "CDVNotification.m"; path = "cordova-plugin-dialogs/CDVNotification.m"; sourceTree = "<group>"; fileEncoding = 4; lastKnownFileType = sourcecode.c.objc; explicitFileType = undefined; includeInIndex = 0; };
		C8EF5F234DDA42F4A21C0396 /* CDVNotification.h */ = {isa = PBXFileReference; name = "CDVNotification.h"; path = "cordova-plugin-dialogs/CDVNotification.h"; sourceTree = "<group>"; fileEncoding = 4; lastKnownFileType = sourcecode.c.h; explicitFileType = undefined; includeInIndex = 0; };
		BB79BB68D1F74879A60AD4B6 /* CDVNotification.bundle */ = {isa = PBXFileReference; name = "CDVNotification.bundle"; path = "CDVNotification.bundle"; sourceTree = "<group>"; fileEncoding = undefined; lastKnownFileType = wrapper.plug-in; explicitFileType = undefined; includeInIndex = 0; };
		CD8CAF3B50354623B9F052DB /* CDVFile.m */ = {isa = PBXFileReference; name = "CDVFile.m"; path = "cordova-plugin-file/CDVFile.m"; sourceTree = "<group>"; fileEncoding = 4; lastKnownFileType = sourcecode.c.objc; explicitFileType = undefined; includeInIndex = 0; };
		2E0F5681CEAB4C88B9CF215C /* CDVLocalFilesystem.m */ = {isa = PBXFileReference; name = "CDVLocalFilesystem.m"; path = "cordova-plugin-file/CDVLocalFilesystem.m"; sourceTree = "<group>"; fileEncoding = 4; lastKnownFileType = sourcecode.c.objc; explicitFileType = undefined; includeInIndex = 0; };
		FAAD17A219CC447AAA49BAB9 /* CDVAssetLibraryFilesystem.m */ = {isa = PBXFileReference; name = "CDVAssetLibraryFilesystem.m"; path = "cordova-plugin-file/CDVAssetLibraryFilesystem.m"; sourceTree = "<group>"; fileEncoding = 4; lastKnownFileType = sourcecode.c.objc; explicitFileType = undefined; includeInIndex = 0; };
		4B4315418EFB4208B741836B /* CDVFile.h */ = {isa = PBXFileReference; name = "CDVFile.h"; path = "cordova-plugin-file/CDVFile.h"; sourceTree = "<group>"; fileEncoding = 4; lastKnownFileType = sourcecode.c.h; explicitFileType = undefined; includeInIndex = 0; };
		BE8C0157EF954BAF85FA310B /* CDVLocalFilesystem.h */ = {isa = PBXFileReference; name = "CDVLocalFilesystem.h"; path = "cordova-plugin-file/CDVLocalFilesystem.h"; sourceTree = "<group>"; fileEncoding = 4; lastKnownFileType = sourcecode.c.h; explicitFileType = undefined; includeInIndex = 0; };
		DF8B3D55AD4D44428EF47656 /* CDVAssetLibraryFilesystem.h */ = {isa = PBXFileReference; name = "CDVAssetLibraryFilesystem.h"; path = "cordova-plugin-file/CDVAssetLibraryFilesystem.h"; sourceTree = "<group>"; fileEncoding = 4; lastKnownFileType = sourcecode.c.h; explicitFileType = undefined; includeInIndex = 0; };
		97760038E493479C95E5348E /* CDVFileTransfer.m */ = {isa = PBXFileReference; name = "CDVFileTransfer.m"; path = "cordova-plugin-file-transfer/CDVFileTransfer.m"; sourceTree = "<group>"; fileEncoding = 4; lastKnownFileType = sourcecode.c.objc; explicitFileType = undefined; includeInIndex = 0; };
		1532FBCC6E0B47A18C727B51 /* CDVFileTransfer.h */ = {isa = PBXFileReference; name = "CDVFileTransfer.h"; path = "cordova-plugin-file-transfer/CDVFileTransfer.h"; sourceTree = "<group>"; fileEncoding = 4; lastKnownFileType = sourcecode.c.h; explicitFileType = undefined; includeInIndex = 0; };
		877A0352C2684AE899BEDB97 /* CDVInAppBrowser.m */ = {isa = PBXFileReference; name = "CDVInAppBrowser.m"; path = "cordova-plugin-inappbrowser/CDVInAppBrowser.m"; sourceTree = "<group>"; fileEncoding = 4; lastKnownFileType = sourcecode.c.objc; explicitFileType = undefined; includeInIndex = 0; };
		7DBB1DC3E9054DA98DAD51A3 /* CDVInAppBrowser.h */ = {isa = PBXFileReference; name = "CDVInAppBrowser.h"; path = "cordova-plugin-inappbrowser/CDVInAppBrowser.h"; sourceTree = "<group>"; fileEncoding = 4; lastKnownFileType = sourcecode.c.h; explicitFileType = undefined; includeInIndex = 0; };
		A0A8C117681C410A8E4D3A02 /* CDVCapture.m */ = {isa = PBXFileReference; name = "CDVCapture.m"; path = "cordova-plugin-media-capture/CDVCapture.m"; sourceTree = "<group>"; fileEncoding = 4; lastKnownFileType = sourcecode.c.objc; explicitFileType = undefined; includeInIndex = 0; };
		2355C76F9AF7484C98823F9F /* CDVCapture.h */ = {isa = PBXFileReference; name = "CDVCapture.h"; path = "cordova-plugin-media-capture/CDVCapture.h"; sourceTree = "<group>"; fileEncoding = 4; lastKnownFileType = sourcecode.c.h; explicitFileType = undefined; includeInIndex = 0; };
		54D05B132A914278A0E9437A /* CDVCapture.bundle */ = {isa = PBXFileReference; name = "CDVCapture.bundle"; path = "CDVCapture.bundle"; sourceTree = "<group>"; fileEncoding = undefined; lastKnownFileType = wrapper.plug-in; explicitFileType = undefined; includeInIndex = 0; };
		9FDC5A1B0A5046AFAA71262C /* YoikScreenOrientation.m */ = {isa = PBXFileReference; name = "YoikScreenOrientation.m"; path = "cordova-plugin-screen-orientation/YoikScreenOrientation.m"; sourceTree = "<group>"; fileEncoding = 4; lastKnownFileType = sourcecode.c.objc; explicitFileType = undefined; includeInIndex = 0; };
		A2DB98A01918493DAFC5C1BA /* CDVViewController+UpdateSupportedOrientations.m */ = {isa = PBXFileReference; name = "CDVViewController+UpdateSupportedOrientations.m"; path = "cordova-plugin-screen-orientation/CDVViewController+UpdateSupportedOrientations.m"; sourceTree = "<group>"; fileEncoding = 4; lastKnownFileType = sourcecode.c.objc; explicitFileType = undefined; includeInIndex = 0; };
		B152882A3D204FF9AF5AC86F /* YoikScreenOrientation.h */ = {isa = PBXFileReference; name = "YoikScreenOrientation.h"; path = "cordova-plugin-screen-orientation/YoikScreenOrientation.h"; sourceTree = "<group>"; fileEncoding = 4; lastKnownFileType = sourcecode.c.h; explicitFileType = undefined; includeInIndex = 0; };
		4FAA0709DB834DE3BB797F08 /* CDVViewController+UpdateSupportedOrientations.h */ = {isa = PBXFileReference; name = "CDVViewController+UpdateSupportedOrientations.h"; path = "cordova-plugin-screen-orientation/CDVViewController+UpdateSupportedOrientations.h"; sourceTree = "<group>"; fileEncoding = 4; lastKnownFileType = sourcecode.c.h; explicitFileType = undefined; includeInIndex = 0; };
		B88C1D9AEF2E447E9F54989B /* CDVSplashScreen.m */ = {isa = PBXFileReference; name = "CDVSplashScreen.m"; path = "cordova-plugin-splashscreen/CDVSplashScreen.m"; sourceTree = "<group>"; fileEncoding = 4; lastKnownFileType = sourcecode.c.objc; explicitFileType = undefined; includeInIndex = 0; };
		B8461AFE16984AFD9A7E6FCB /* CDVViewController+SplashScreen.m */ = {isa = PBXFileReference; name = "CDVViewController+SplashScreen.m"; path = "cordova-plugin-splashscreen/CDVViewController+SplashScreen.m"; sourceTree = "<group>"; fileEncoding = 4; lastKnownFileType = sourcecode.c.objc; explicitFileType = undefined; includeInIndex = 0; };
		1E883841B00A401C99677C9C /* CDVSplashScreen.h */ = {isa = PBXFileReference; name = "CDVSplashScreen.h"; path = "cordova-plugin-splashscreen/CDVSplashScreen.h"; sourceTree = "<group>"; fileEncoding = 4; lastKnownFileType = sourcecode.c.h; explicitFileType = undefined; includeInIndex = 0; };
		5A6B948BD61944A38050C8B8 /* CDVViewController+SplashScreen.h */ = {isa = PBXFileReference; name = "CDVViewController+SplashScreen.h"; path = "cordova-plugin-splashscreen/CDVViewController+SplashScreen.h"; sourceTree = "<group>"; fileEncoding = 4; lastKnownFileType = sourcecode.c.h; explicitFileType = undefined; includeInIndex = 0; };
		208198EB0B254ABE967E74D6 /* CDVStatusBar.m */ = {isa = PBXFileReference; name = "CDVStatusBar.m"; path = "cordova-plugin-statusbar/CDVStatusBar.m"; sourceTree = "<group>"; fileEncoding = 4; lastKnownFileType = sourcecode.c.objc; explicitFileType = undefined; includeInIndex = 0; };
		29020CAA6C5B4423B497F2D3 /* CDVStatusBar.h */ = {isa = PBXFileReference; name = "CDVStatusBar.h"; path = "cordova-plugin-statusbar/CDVStatusBar.h"; sourceTree = "<group>"; fileEncoding = 4; lastKnownFileType = sourcecode.c.h; explicitFileType = undefined; includeInIndex = 0; };
		83C1D73801324E5F98A5DC2C /* NSString+URLEncoding.m */ = {isa = PBXFileReference; name = "NSString+URLEncoding.m"; path = "cordova-plugin-x-socialsharing/NSString+URLEncoding.m"; sourceTree = "<group>"; fileEncoding = 4; lastKnownFileType = sourcecode.c.objc; explicitFileType = undefined; includeInIndex = 0; };
		E1D82A8B70A54364BE8A0DFB /* SocialSharing.m */ = {isa = PBXFileReference; name = "SocialSharing.m"; path = "cordova-plugin-x-socialsharing/SocialSharing.m"; sourceTree = "<group>"; fileEncoding = 4; lastKnownFileType = sourcecode.c.objc; explicitFileType = undefined; includeInIndex = 0; };
		FF7111B9761B48468CC1212F /* NSString+URLEncoding.h */ = {isa = PBXFileReference; name = "NSString+URLEncoding.h"; path = "cordova-plugin-x-socialsharing/NSString+URLEncoding.h"; sourceTree = "<group>"; fileEncoding = 4; lastKnownFileType = sourcecode.c.h; explicitFileType = undefined; includeInIndex = 0; };
		3D0511B19F7B4511B4EC0E73 /* SocialSharing.h */ = {isa = PBXFileReference; name = "SocialSharing.h"; path = "cordova-plugin-x-socialsharing/SocialSharing.h"; sourceTree = "<group>"; fileEncoding = 4; lastKnownFileType = sourcecode.c.h; explicitFileType = undefined; includeInIndex = 0; };
		9A949BF117EC4D168107C366 /* APPLocalNotification.m */ = {isa = PBXFileReference; name = "APPLocalNotification.m"; path = "de.appplant.cordova.plugin.local-notification/APPLocalNotification.m"; sourceTree = "<group>"; fileEncoding = 4; lastKnownFileType = sourcecode.c.objc; explicitFileType = undefined; includeInIndex = 0; };
		3CE253F0CCEB4E359D16ABB6 /* APPLocalNotificationOptions.m */ = {isa = PBXFileReference; name = "APPLocalNotificationOptions.m"; path = "de.appplant.cordova.plugin.local-notification/APPLocalNotificationOptions.m"; sourceTree = "<group>"; fileEncoding = 4; lastKnownFileType = sourcecode.c.objc; explicitFileType = undefined; includeInIndex = 0; };
		881A4A257CC643A292BC8D61 /* UIApplication+APPLocalNotification.m */ = {isa = PBXFileReference; name = "UIApplication+APPLocalNotification.m"; path = "de.appplant.cordova.plugin.local-notification/UIApplication+APPLocalNotification.m"; sourceTree = "<group>"; fileEncoding = 4; lastKnownFileType = sourcecode.c.objc; explicitFileType = undefined; includeInIndex = 0; };
		5544B0057DC7436B9CE79412 /* UILocalNotification+APPLocalNotification.m */ = {isa = PBXFileReference; name = "UILocalNotification+APPLocalNotification.m"; path = "de.appplant.cordova.plugin.local-notification/UILocalNotification+APPLocalNotification.m"; sourceTree = "<group>"; fileEncoding = 4; lastKnownFileType = sourcecode.c.objc; explicitFileType = undefined; includeInIndex = 0; };
		FA681D782F6747E594F702A4 /* APPLocalNotification.h */ = {isa = PBXFileReference; name = "APPLocalNotification.h"; path = "de.appplant.cordova.plugin.local-notification/APPLocalNotification.h"; sourceTree = "<group>"; fileEncoding = 4; lastKnownFileType = sourcecode.c.h; explicitFileType = undefined; includeInIndex = 0; };
		5AD22FB4A95D4AED8E313CCF /* APPLocalNotificationOptions.h */ = {isa = PBXFileReference; name = "APPLocalNotificationOptions.h"; path = "de.appplant.cordova.plugin.local-notification/APPLocalNotificationOptions.h"; sourceTree = "<group>"; fileEncoding = 4; lastKnownFileType = sourcecode.c.h; explicitFileType = undefined; includeInIndex = 0; };
		4BEC108BE87F404B81038B69 /* UIApplication+APPLocalNotification.h */ = {isa = PBXFileReference; name = "UIApplication+APPLocalNotification.h"; path = "de.appplant.cordova.plugin.local-notification/UIApplication+APPLocalNotification.h"; sourceTree = "<group>"; fileEncoding = 4; lastKnownFileType = sourcecode.c.h; explicitFileType = undefined; includeInIndex = 0; };
		ED9F71ACB3744E4481305444 /* UILocalNotification+APPLocalNotification.h */ = {isa = PBXFileReference; name = "UILocalNotification+APPLocalNotification.h"; path = "de.appplant.cordova.plugin.local-notification/UILocalNotification+APPLocalNotification.h"; sourceTree = "<group>"; fileEncoding = 4; lastKnownFileType = sourcecode.c.h; explicitFileType = undefined; includeInIndex = 0; };
		7A9DB52C55AD4B64A4FC8C77 /* IonicKeyboard.m */ = {isa = PBXFileReference; name = "IonicKeyboard.m"; path = "ionic-plugin-keyboard/IonicKeyboard.m"; sourceTree = "<group>"; fileEncoding = 4; lastKnownFileType = sourcecode.c.objc; explicitFileType = undefined; includeInIndex = 0; };
		E3C7846AB7EA418E93EE8DAA /* IonicKeyboard.h */ = {isa = PBXFileReference; name = "IonicKeyboard.h"; path = "ionic-plugin-keyboard/IonicKeyboard.h"; sourceTree = "<group>"; fileEncoding = 4; lastKnownFileType = sourcecode.c.h; explicitFileType = undefined; includeInIndex = 0; };
		FFF95FF43AA04604936E4696 /* CDVPluginExt.m */ = {isa = PBXFileReference; name = "CDVPluginExt.m"; path = "cordova-plugin-extension/CDVPluginExt.m"; sourceTree = "<group>"; fileEncoding = 4; lastKnownFileType = sourcecode.c.objc; explicitFileType = undefined; includeInIndex = 0; };
		7EE97CFC6A4A414DBAA74FA8 /* libCordovaGenericAd.a */ = {isa = PBXFileReference; name = "libCordovaGenericAd.a"; path = "springnews/Plugins/cordova-plugin-extension/libCordovaGenericAd.a"; sourceTree = "<group>"; fileEncoding = undefined; lastKnownFileType = archive.ar; explicitFileType = undefined; includeInIndex = 0; };
		11A96831548B40988A56AEB5 /* PluginAdapterDelegate.h */ = {isa = PBXFileReference; name = "PluginAdapterDelegate.h"; path = "cordova-plugin-extension/PluginAdapterDelegate.h"; sourceTree = "<group>"; fileEncoding = 4; lastKnownFileType = sourcecode.c.h; explicitFileType = undefined; includeInIndex = 0; };
		B0578DD61DB84E4185FA89DF /* CDVPluginExt.h */ = {isa = PBXFileReference; name = "CDVPluginExt.h"; path = "cordova-plugin-extension/CDVPluginExt.h"; sourceTree = "<group>"; fileEncoding = 4; lastKnownFileType = sourcecode.c.h; explicitFileType = undefined; includeInIndex = 0; };
		62BAADC4268844D6BD5C4D37 /* GenericAdPlugin.h */ = {isa = PBXFileReference; name = "GenericAdPlugin.h"; path = "cordova-plugin-extension/GenericAdPlugin.h"; sourceTree = "<group>"; fileEncoding = 4; lastKnownFileType = sourcecode.c.h; explicitFileType = undefined; includeInIndex = 0; };
		2FECCF70058D4B26BF21B775 /* AppDelegate+APPAppEvent.m */ = {isa = PBXFileReference; name = "AppDelegate+APPAppEvent.m"; path = "cordova-plugin-app-event/AppDelegate+APPAppEvent.m"; sourceTree = "<group>"; fileEncoding = 4; lastKnownFileType = sourcecode.c.objc; explicitFileType = undefined; includeInIndex = 0; };
		47611195BD504E558672D320 /* CDVPlugin+APPAppEvent.m */ = {isa = PBXFileReference; name = "CDVPlugin+APPAppEvent.m"; path = "cordova-plugin-app-event/CDVPlugin+APPAppEvent.m"; sourceTree = "<group>"; fileEncoding = 4; lastKnownFileType = sourcecode.c.objc; explicitFileType = undefined; includeInIndex = 0; };
		B20DDED956CA47D7B676381A /* AppDelegate+APPAppEvent.h */ = {isa = PBXFileReference; name = "AppDelegate+APPAppEvent.h"; path = "cordova-plugin-app-event/AppDelegate+APPAppEvent.h"; sourceTree = "<group>"; fileEncoding = 4; lastKnownFileType = sourcecode.c.h; explicitFileType = undefined; includeInIndex = 0; };
		CCEEBE724B0449BBBCB71FEA /* CDVPlugin+APPAppEvent.h */ = {isa = PBXFileReference; name = "CDVPlugin+APPAppEvent.h"; path = "cordova-plugin-app-event/CDVPlugin+APPAppEvent.h"; sourceTree = "<group>"; fileEncoding = 4; lastKnownFileType = sourcecode.c.h; explicitFileType = undefined; includeInIndex = 0; };
		BA97687A9C454CD88EA2C825 /* APPAppEventDelegate.h */ = {isa = PBXFileReference; name = "APPAppEventDelegate.h"; path = "cordova-plugin-app-event/APPAppEventDelegate.h"; sourceTree = "<group>"; fileEncoding = 4; lastKnownFileType = sourcecode.c.h; explicitFileType = undefined; includeInIndex = 0; };
		1ABCBF48A1F34302B31688EB /* CDVConnection.m */ = {isa = PBXFileReference; name = "CDVConnection.m"; path = "cordova-plugin-network-information/CDVConnection.m"; sourceTree = "<group>"; fileEncoding = 4; lastKnownFileType = sourcecode.c.objc; explicitFileType = undefined; includeInIndex = 0; };
		8704DFB32EC042D2B30EB083 /* CDVReachability.m */ = {isa = PBXFileReference; name = "CDVReachability.m"; path = "cordova-plugin-network-information/CDVReachability.m"; sourceTree = "<group>"; fileEncoding = 4; lastKnownFileType = sourcecode.c.objc; explicitFileType = undefined; includeInIndex = 0; };
		070A41B33AF844E2810DC42D /* CDVConnection.h */ = {isa = PBXFileReference; name = "CDVConnection.h"; path = "cordova-plugin-network-information/CDVConnection.h"; sourceTree = "<group>"; fileEncoding = 4; lastKnownFileType = sourcecode.c.h; explicitFileType = undefined; includeInIndex = 0; };
		48805313A2874341A9060822 /* CDVReachability.h */ = {isa = PBXFileReference; name = "CDVReachability.h"; path = "cordova-plugin-network-information/CDVReachability.h"; sourceTree = "<group>"; fileEncoding = 4; lastKnownFileType = sourcecode.c.h; explicitFileType = undefined; includeInIndex = 0; };
		05DD0C11974342548ECEAA3F /* SQLitePlugin.m */ = {isa = PBXFileReference; name = "SQLitePlugin.m"; path = "cordova-sqlite-storage/SQLitePlugin.m"; sourceTree = "<group>"; fileEncoding = 4; lastKnownFileType = sourcecode.c.objc; explicitFileType = undefined; includeInIndex = 0; };
		6DC938BF747A453D864E2E66 /* sqlite3.c */ = {isa = PBXFileReference; name = "sqlite3.c"; path = "cordova-sqlite-storage/sqlite3.c"; sourceTree = "<group>"; fileEncoding = undefined; lastKnownFileType = unknown; explicitFileType = undefined; includeInIndex = 0; };
		4BDFE2BF3DCB4C8F89A90AAE /* SQLitePlugin.h */ = {isa = PBXFileReference; name = "SQLitePlugin.h"; path = "cordova-sqlite-storage/SQLitePlugin.h"; sourceTree = "<group>"; fileEncoding = 4; lastKnownFileType = sourcecode.c.h; explicitFileType = undefined; includeInIndex = 0; };
		C87ADC713C2148658DE6DE3C /* sqlite3.h */ = {isa = PBXFileReference; name = "sqlite3.h"; path = "cordova-sqlite-storage/sqlite3.h"; sourceTree = "<group>"; fileEncoding = 4; lastKnownFileType = sourcecode.c.h; explicitFileType = undefined; includeInIndex = 0; };
/* End PBXFileReference section */

/* Begin PBXFrameworksBuildPhase section */
		1D60588F0D05DD3D006BFB54 /* Frameworks */ = {
			isa = PBXFrameworksBuildPhase;
			buildActionMask = 2147483647;
			files = (
				301BF552109A68D80062928A /* libCordova.a in Frameworks */,
				132D7C4FA0D84422847B2A7A /* CFNetwork.framework in Frameworks */,
				54948A8A25864ECBBC57D7D6 /* AdSupport.framework in Frameworks */,
				5388314F221C4C3D8EB1BD69 /* AudioToolbox.framework in Frameworks */,
				4B2FF88FB98D42E4B1997CC3 /* AVFoundation.framework in Frameworks */,
				1F1D2A85A4BA42B5BB744BE3 /* CoreBluetooth.framework in Frameworks */,
				57D59A8AEF9644AE8B41052B /* CoreLocation.framework in Frameworks */,
				18B6700CB54B4DD5B7E04712 /* CoreMedia.framework in Frameworks */,
				14F62412CB054734BD2AF538 /* CoreMotion.framework in Frameworks */,
				FD5AF8CD53CC44D29FCC349D /* CoreTelephony.framework in Frameworks */,
				9D1A23F4D59C432283B94A81 /* CoreVideo.framework in Frameworks */,
				96B6A9D8AF7841DE9E847CDB /* EventKit.framework in Frameworks */,
				55B31FCE73EB4028AE6050A6 /* EventKitUI.framework in Frameworks */,
				D85BBC0DEC2042CFBD770AF3 /* Foundation.framework in Frameworks */,
				EC37D04D00BB45D7987AEB4E /* GLKit.framework in Frameworks */,
				309E9460087C41A9B26D3B99 /* MediaPlayer.framework in Frameworks */,
				B33045F2C50D4956B656CB90 /* MessageUI.framework in Frameworks */,
				A92CEC8AF603412ABEBC5BE5 /* OpenGLES.framework in Frameworks */,
				680288EE07184E578CEA8A94 /* SafariServices.framework in Frameworks */,
				6927B0C917F549D18E8D57C4 /* StoreKit.framework in Frameworks */,
				79BEF876B5734F97B52D9641 /* SystemConfiguration.framework in Frameworks */,
				EB2CB293CDB94223B53A45C9 /* UIKit.framework in Frameworks */,
				6489D314541E4107B997AEF7 /* ImageIO.framework in Frameworks */,
				8926823673F040E7A82466B5 /* Social.framework in Frameworks */,
				D54FEFE02D70485AA47229ED /* GoogleMobileAds.framework in Frameworks */,
				51F689ED093F4C479A2D9019 /* libCordovaGenericAd.a in Frameworks */,
			);
			runOnlyForDeploymentPostprocessing = 0;
		};
/* End PBXFrameworksBuildPhase section */

/* Begin PBXGroup section */
		080E96DDFE201D6D7F000001 /* Classes */ = {
			isa = PBXGroup;
			children = (
				302D95EE14D2391D003F00A1 /* MainViewController.h */,
				302D95EF14D2391D003F00A1 /* MainViewController.m */,
				302D95F014D2391D003F00A1 /* MainViewController.xib */,
				1D3623240D0F684500981E51 /* AppDelegate.h */,
				1D3623250D0F684500981E51 /* AppDelegate.m */,
			);
			name = Classes;
			path = "springnews/Classes";
			sourceTree = SOURCE_ROOT;
		};
		19C28FACFE9D520D11CA2CBB /* Products */ = {
			isa = PBXGroup;
			children = (
				1D6058910D05DD3D006BFB54 /* springnews.app */,
			);
			name = Products;
			sourceTree = "<group>";
		};
		29B97314FDCFA39411CA2CEA /* CustomTemplate */ = {
			isa = PBXGroup;
			children = (
				EB87FDF41871DAF40020F90C /* config.xml */,
				EB87FDF31871DA8E0020F90C /* www */,
				EB87FDF11871DA420020F90C /* Staging */,
				301BF52D109A57CC0062928A /* CordovaLib.xcodeproj */,
				080E96DDFE201D6D7F000001 /* Classes */,
				307C750510C5A3420062BCA9 /* Plugins */,
				29B97315FDCFA39411CA2CEA /* Other Sources */,
				29B97317FDCFA39411CA2CEA /* Resources */,
				29B97323FDCFA39411CA2CEA /* Frameworks */,
				19C28FACFE9D520D11CA2CBB /* Products */,
			);
			name = CustomTemplate;
			sourceTree = "<group>";
		};
		29B97315FDCFA39411CA2CEA /* Other Sources */ = {
			isa = PBXGroup;
			children = (
				32CA4F630368D1EE00C91783 /* springnews-Prefix.pch */,
				29B97316FDCFA39411CA2CEA /* main.m */,
				ED33DF2A687741AEAF9F8254 /* Bridging-Header.h */,
			);
			name = "Other Sources";
			path = "springnews";
			sourceTree = "<group>";
		};
		29B97317FDCFA39411CA2CEA /* Resources */ = {
			isa = PBXGroup;
			children = (
				0207DA571B56EA530066E2B4 /* Images.xcassets */,
				3047A50E1AB8057F00498E2A /* config */,
				8D1107310486CEB800E47090 /* springnews-Info.plist */,
				BB79BB68D1F74879A60AD4B6 /* CDVNotification.bundle */,
				54D05B132A914278A0E9437A /* CDVCapture.bundle */,
			);
			name = Resources;
			path = "springnews/Resources";
			sourceTree = "<group>";
		};
		29B97323FDCFA39411CA2CEA /* Frameworks */ = {
			isa = PBXGroup;
			children = (
				FED6B8F331284844B668C6AE /* CFNetwork.framework */,
				B4A63D3FF5CC42D98AB31EC6 /* AdSupport.framework */,
				787CC9C8AE5D4002957BBE4D /* AudioToolbox.framework */,
				C233D62DEDBD41429970A123 /* AVFoundation.framework */,
				5CE7B934DEF94C118808BC91 /* CoreBluetooth.framework */,
				04A223D0ABD7442CAAA389E9 /* CoreLocation.framework */,
				29EC3601D04147199D1967DE /* CoreMedia.framework */,
				F7B55643EAAC47A09B6AAB9D /* CoreMotion.framework */,
				047B64F7C9A3418A8580A057 /* CoreTelephony.framework */,
				9B90E3BFBAD04AE6B1BE6189 /* CoreVideo.framework */,
				A32016F088DF42E796CE8032 /* EventKit.framework */,
				D63BC9F9CA2D42A0BB05B534 /* EventKitUI.framework */,
				E6B5C3D2A64D471896D96EF1 /* Foundation.framework */,
				4CE8A680D9854831A071111E /* GLKit.framework */,
				809868BA6CB6494BA57BA4D1 /* MediaPlayer.framework */,
				8C157597CC2343739C7CD46B /* MessageUI.framework */,
				9B36968ED6014514B696E505 /* OpenGLES.framework */,
				32EAE0DBE513498CACE38410 /* SafariServices.framework */,
				DC910FE81FC44B60B4C4694C /* StoreKit.framework */,
				B7579936072C4080833EB9B7 /* SystemConfiguration.framework */,
				3AC498026D1B44259E5E75CE /* UIKit.framework */,
				97F09DAC255C43658940EDC0 /* ImageIO.framework */,
				008807530AAD43A4B529CDF5 /* Social.framework */,
				54376D7859824778B01868DA /* GoogleMobileAds.framework */,
				7EE97CFC6A4A414DBAA74FA8 /* libCordovaGenericAd.a */,
			);
			name = Frameworks;
			sourceTree = "<group>";
		};
		301BF52E109A57CC0062928A /* Products */ = {
			isa = PBXGroup;
			children = (
				301BF535109A57CC0062928A /* libCordova.a */,
			);
			name = Products;
			sourceTree = "<group>";
		};
		3047A50E1AB8057F00498E2A /* config */ = {
			isa = PBXGroup;
			children = (
				3047A50F1AB8059700498E2A /* build-debug.xcconfig */,
				3047A5101AB8059700498E2A /* build-release.xcconfig */,
				3047A5111AB8059700498E2A /* build.xcconfig */,
			);
			name = config;
			sourceTree = "<group>";
		};
		307C750510C5A3420062BCA9 /* Plugins */ = {
			isa = PBXGroup;
			children = (
				985EEBBDABD64FD78C59AEE5 /* CDVAdMobPlugin.m */,
				B5AFBDA7DF5A424E9BF0E294 /* AdMobMediation.m */,
				D0348FC5504D406DAA103BC9 /* CDVAdMobPlugin.h */,
				BCAD0F0E45E6419D90F22AFA /* AdMobMediation.h */,
				6F62E645E28E4AE9B77D71ED /* UIImage+CropScaleOrientation.m */,
				F75706FAEF594062922D7562 /* CDVCamera.m */,
				3E5CF9CD15E847A59C72A366 /* CDVJpegHeaderWriter.m */,
				C0051B140D5C4413A948FEAD /* UIImage+CropScaleOrientation.h */,
				54E7164C73E240AF8302A0B2 /* CDVCamera.h */,
				40BDACB7622B4DF39E86A06A /* CDVJpegHeaderWriter.h */,
				EB8CF26DECE44CBEAD236E48 /* CDVExif.h */,
				FF7C9022DB494A6C9D3A1703 /* CDVLogger.m */,
				6080CD1EC81D4111A465CB09 /* CDVLogger.h */,
				2F1DF4A8ADC045DFA48CB49F /* CDVDevice.m */,
				4C23AAB3F93C41C3A10F2810 /* CDVDevice.h */,
				BA47A27C67E7432B90FDAC36 /* CDVNotification.m */,
				C8EF5F234DDA42F4A21C0396 /* CDVNotification.h */,
				CD8CAF3B50354623B9F052DB /* CDVFile.m */,
				2E0F5681CEAB4C88B9CF215C /* CDVLocalFilesystem.m */,
				FAAD17A219CC447AAA49BAB9 /* CDVAssetLibraryFilesystem.m */,
				4B4315418EFB4208B741836B /* CDVFile.h */,
				BE8C0157EF954BAF85FA310B /* CDVLocalFilesystem.h */,
				DF8B3D55AD4D44428EF47656 /* CDVAssetLibraryFilesystem.h */,
				97760038E493479C95E5348E /* CDVFileTransfer.m */,
				1532FBCC6E0B47A18C727B51 /* CDVFileTransfer.h */,
				877A0352C2684AE899BEDB97 /* CDVInAppBrowser.m */,
				7DBB1DC3E9054DA98DAD51A3 /* CDVInAppBrowser.h */,
				A0A8C117681C410A8E4D3A02 /* CDVCapture.m */,
				2355C76F9AF7484C98823F9F /* CDVCapture.h */,
				9FDC5A1B0A5046AFAA71262C /* YoikScreenOrientation.m */,
				A2DB98A01918493DAFC5C1BA /* CDVViewController+UpdateSupportedOrientations.m */,
				B152882A3D204FF9AF5AC86F /* YoikScreenOrientation.h */,
				4FAA0709DB834DE3BB797F08 /* CDVViewController+UpdateSupportedOrientations.h */,
				B88C1D9AEF2E447E9F54989B /* CDVSplashScreen.m */,
				B8461AFE16984AFD9A7E6FCB /* CDVViewController+SplashScreen.m */,
				1E883841B00A401C99677C9C /* CDVSplashScreen.h */,
				5A6B948BD61944A38050C8B8 /* CDVViewController+SplashScreen.h */,
				208198EB0B254ABE967E74D6 /* CDVStatusBar.m */,
				29020CAA6C5B4423B497F2D3 /* CDVStatusBar.h */,
				83C1D73801324E5F98A5DC2C /* NSString+URLEncoding.m */,
				E1D82A8B70A54364BE8A0DFB /* SocialSharing.m */,
				FF7111B9761B48468CC1212F /* NSString+URLEncoding.h */,
				3D0511B19F7B4511B4EC0E73 /* SocialSharing.h */,
				9A949BF117EC4D168107C366 /* APPLocalNotification.m */,
				3CE253F0CCEB4E359D16ABB6 /* APPLocalNotificationOptions.m */,
				881A4A257CC643A292BC8D61 /* UIApplication+APPLocalNotification.m */,
				5544B0057DC7436B9CE79412 /* UILocalNotification+APPLocalNotification.m */,
				FA681D782F6747E594F702A4 /* APPLocalNotification.h */,
				5AD22FB4A95D4AED8E313CCF /* APPLocalNotificationOptions.h */,
				4BEC108BE87F404B81038B69 /* UIApplication+APPLocalNotification.h */,
				ED9F71ACB3744E4481305444 /* UILocalNotification+APPLocalNotification.h */,
				7A9DB52C55AD4B64A4FC8C77 /* IonicKeyboard.m */,
				E3C7846AB7EA418E93EE8DAA /* IonicKeyboard.h */,
				FFF95FF43AA04604936E4696 /* CDVPluginExt.m */,
				11A96831548B40988A56AEB5 /* PluginAdapterDelegate.h */,
				B0578DD61DB84E4185FA89DF /* CDVPluginExt.h */,
				62BAADC4268844D6BD5C4D37 /* GenericAdPlugin.h */,
				2FECCF70058D4B26BF21B775 /* AppDelegate+APPAppEvent.m */,
				47611195BD504E558672D320 /* CDVPlugin+APPAppEvent.m */,
				B20DDED956CA47D7B676381A /* AppDelegate+APPAppEvent.h */,
				CCEEBE724B0449BBBCB71FEA /* CDVPlugin+APPAppEvent.h */,
				BA97687A9C454CD88EA2C825 /* APPAppEventDelegate.h */,
				1ABCBF48A1F34302B31688EB /* CDVConnection.m */,
				8704DFB32EC042D2B30EB083 /* CDVReachability.m */,
				070A41B33AF844E2810DC42D /* CDVConnection.h */,
				48805313A2874341A9060822 /* CDVReachability.h */,
				05DD0C11974342548ECEAA3F /* SQLitePlugin.m */,
				6DC938BF747A453D864E2E66 /* sqlite3.c */,
				4BDFE2BF3DCB4C8F89A90AAE /* SQLitePlugin.h */,
				C87ADC713C2148658DE6DE3C /* sqlite3.h */,
			);
			name = Plugins;
			path = "springnews/Plugins";
			sourceTree = SOURCE_ROOT;
		};
		EB87FDF11871DA420020F90C /* Staging */ = {
			isa = PBXGroup;
			children = (
				F840E1F0165FE0F500CFE078 /* config.xml */,
				301BF56E109A69640062928A /* www */,
			);
			name = Staging;
			sourceTree = "<group>";
		};
/* End PBXGroup section */

/* Begin PBXNativeTarget section */
		1D6058900D05DD3D006BFB54 /* springnews */ = {
			isa = PBXNativeTarget;
			buildConfigurationList = 1D6058960D05DD3E006BFB54 /* Build configuration list for PBXNativeTarget "springnews" */;
			buildPhases = (
				304B58A110DAC018002A0835 /* Copy www directory */,
				1D60588D0D05DD3D006BFB54 /* Resources */,
				1D60588E0D05DD3D006BFB54 /* Sources */,
				1D60588F0D05DD3D006BFB54 /* Frameworks */,
			);
			buildRules = (
			);
			dependencies = (
				301BF551109A68C00062928A /* PBXTargetDependency */,
			);
			name = "springnews";
			productName = "springnews";
			productReference = 1D6058910D05DD3D006BFB54 /* springnews.app */;
			productType = "com.apple.product-type.application";
		};
/* End PBXNativeTarget section */

/* Begin PBXProject section */
		29B97313FDCFA39411CA2CEA /* Project object */ = {
			isa = PBXProject;
			attributes = {
				LastUpgradeCheck = 510;
			};
			buildConfigurationList = C01FCF4E08A954540054247B /* Build configuration list for PBXProject "__NON-CLI__" */;
			compatibilityVersion = "Xcode 3.2";
			developmentRegion = English;
			hasScannedForEncodings = 1;
			mainGroup = 29B97314FDCFA39411CA2CEA /* CustomTemplate */;
			projectDirPath = "";
			projectReferences = (
				{
					ProductGroup = 301BF52E109A57CC0062928A /* Products */;
					ProjectRef = 301BF52D109A57CC0062928A /* CordovaLib.xcodeproj */;
				},
			);
			projectRoot = "";
			targets = (
				1D6058900D05DD3D006BFB54 /* springnews */,
			);
		};
/* End PBXProject section */

/* Begin PBXReferenceProxy section */
		301BF535109A57CC0062928A /* libCordova.a */ = {
			isa = PBXReferenceProxy;
			fileType = archive.ar;
			path = libCordova.a;
			remoteRef = 301BF534109A57CC0062928A /* PBXContainerItemProxy */;
			sourceTree = BUILT_PRODUCTS_DIR;
		};
/* End PBXReferenceProxy section */

/* Begin PBXResourcesBuildPhase section */
		1D60588D0D05DD3D006BFB54 /* Resources */ = {
			isa = PBXResourcesBuildPhase;
			buildActionMask = 2147483647;
			files = (
				302D95F214D2391D003F00A1 /* MainViewController.xib in Resources */,
				0207DA581B56EA530066E2B4 /* Images.xcassets in Resources */,
				166FABB530DD49558628237D /* CDVNotification.bundle in Resources */,
				B4BB6CFCFEBC4240924FC623 /* CDVCapture.bundle in Resources */,
			);
			runOnlyForDeploymentPostprocessing = 0;
		};
/* End PBXResourcesBuildPhase section */

/* Begin PBXShellScriptBuildPhase section */
		304B58A110DAC018002A0835 /* Copy www directory */ = {
			isa = PBXShellScriptBuildPhase;
			buildActionMask = 2147483647;
			files = (
			);
			inputPaths = (
			);
			name = "Copy www directory";
			outputPaths = (
			);
			runOnlyForDeploymentPostprocessing = 0;
			shellPath = /bin/sh;
			shellScript = "NODEJS_PATH=/usr/local/bin; NVM_NODE_PATH=~/.nvm/versions/node/`nvm version 2>/dev/null`/bin; N_NODE_PATH=`find /usr/local/n/versions/node/* -maxdepth 0 -type d 2>/dev/null | tail -1`/bin; XCODE_NODE_PATH=`xcode-select --print-path`/usr/share/xcs/Node/bin; PATH=$NODEJS_PATH:$NVM_NODE_PATH:$N_NODE_PATH:$XCODE_NODE_PATH:$PATH && node cordova/lib/copy-www-build-step.js";
			showEnvVarsInLog = 0;
		};
/* End PBXShellScriptBuildPhase section */

/* Begin PBXSourcesBuildPhase section */
		1D60588E0D05DD3D006BFB54 /* Sources */ = {
			isa = PBXSourcesBuildPhase;
			buildActionMask = 2147483647;
			files = (
				1D60589B0D05DD56006BFB54 /* main.m in Sources */,
				1D3623260D0F684500981E51 /* AppDelegate.m in Sources */,
				302D95F114D2391D003F00A1 /* MainViewController.m in Sources */,
				41E7D59350BE4EB58CC90FF7 /* CDVAdMobPlugin.m in Sources */,
				93BAD3B9B68A4AA08700D564 /* AdMobMediation.m in Sources */,
				C08049B249934E898D63D637 /* UIImage+CropScaleOrientation.m in Sources */,
				D6F3A5403C424B519AAB59D9 /* CDVCamera.m in Sources */,
				12C8730F31424D4A888440F8 /* CDVJpegHeaderWriter.m in Sources */,
				098FF2FDDA9842BF81170812 /* CDVLogger.m in Sources */,
				DCB4D6F81C36420EB4F8ABB2 /* CDVDevice.m in Sources */,
				DA84C82A2D1F4B1690DA4B8A /* CDVNotification.m in Sources */,
				4FB157E6CFFF403DB89F7310 /* CDVFile.m in Sources */,
				6114C1BC045E49E9AC1E008D /* CDVLocalFilesystem.m in Sources */,
				5919ABE359A14B27A101C9F0 /* CDVAssetLibraryFilesystem.m in Sources */,
				CF4629C01EB147BB8FC5A96D /* CDVFileTransfer.m in Sources */,
				D201710F38804952B3AAEE01 /* CDVInAppBrowser.m in Sources */,
				82D72140E2E943F3A136D239 /* CDVCapture.m in Sources */,
				0602CB1AD0F040868041C5A1 /* YoikScreenOrientation.m in Sources */,
				86F3827D25B74A98842CB649 /* CDVViewController+UpdateSupportedOrientations.m in Sources */,
				BE0C16711139433386E516AD /* CDVSplashScreen.m in Sources */,
				6DC50B188C8D4060A3856DB1 /* CDVViewController+SplashScreen.m in Sources */,
				80FEF65F8B1E4851B92E7EDA /* CDVStatusBar.m in Sources */,
				C3985E79867A41BDB4EAFE0D /* NSString+URLEncoding.m in Sources */,
				6C356B15684743268D09A4AB /* SocialSharing.m in Sources */,
				C91A03D068684BEA8CCC394F /* APPLocalNotification.m in Sources */,
				285218494A914662949234CE /* APPLocalNotificationOptions.m in Sources */,
				7C8ACD90EBBC426DB4792DB2 /* UIApplication+APPLocalNotification.m in Sources */,
				10C5CD2D04FB47FB980DA37A /* UILocalNotification+APPLocalNotification.m in Sources */,
				7FE9024902834D64A999FC7D /* IonicKeyboard.m in Sources */,
				A1C3E9C6CF99484BB0B786D7 /* CDVPluginExt.m in Sources */,
				780925E8C7FF415392D79399 /* AppDelegate+APPAppEvent.m in Sources */,
				373738D5B9434DE8AF1066DE /* CDVPlugin+APPAppEvent.m in Sources */,
				388DCE927642438EA83A9220 /* CDVConnection.m in Sources */,
				A05273596FE8400281564300 /* CDVReachability.m in Sources */,
				B4418C9074474DFFBBE02AC7 /* SQLitePlugin.m in Sources */,
				10553B6345624631BDCB0CD0 /* sqlite3.c in Resources */,
			);
			runOnlyForDeploymentPostprocessing = 0;
		};
/* End PBXSourcesBuildPhase section */

/* Begin PBXTargetDependency section */
		301BF551109A68C00062928A /* PBXTargetDependency */ = {
			isa = PBXTargetDependency;
			name = CordovaLib;
			targetProxy = 301BF550109A68C00062928A /* PBXContainerItemProxy */;
		};
/* End PBXTargetDependency section */

/* Begin XCBuildConfiguration section */
		1D6058940D05DD3E006BFB54 /* Debug */ = {
			isa = XCBuildConfiguration;
			baseConfigurationReference = 3047A50F1AB8059700498E2A /* build-debug.xcconfig */;
			buildSettings = {
				ALWAYS_SEARCH_USER_PATHS = NO;
				ASSETCATALOG_COMPILER_APPICON_NAME = AppIcon;
				ASSETCATALOG_COMPILER_LAUNCHIMAGE_NAME = LaunchImage;
				CLANG_ENABLE_MODULES = YES;
				CLANG_ENABLE_OBJC_ARC = YES;
				COPY_PHASE_STRIP = NO;
				GCC_DYNAMIC_NO_PIC = NO;
				GCC_OPTIMIZATION_LEVEL = 0;
				GCC_PRECOMPILE_PREFIX_HEADER = YES;
				GCC_PREFIX_HEADER = "springnews/springnews-Prefix.pch";
				GCC_THUMB_SUPPORT = NO;
				GCC_VERSION = "";
				INFOPLIST_FILE = "springnews/springnews-Info.plist";
				LD_RUNPATH_SEARCH_PATHS = "@executable_path/Frameworks";
				PRODUCT_NAME = "springnews";
				LIBRARY_SEARCH_PATHS = (
					"$(inherited)",
					"\"$(SRCROOT)/springnews/Plugins/cordova-plugin-extension\"",
				);
				FRAMEWORK_SEARCH_PATHS = (
					"$(inherited)",
					"\"springnews/Plugins/cordova-plugin-admobpro\"",
					"\"springnews/Plugins/cordova-plugin-admobpro\"",
				);
			};
			name = Debug;
		};
		1D6058950D05DD3E006BFB54 /* Release */ = {
			isa = XCBuildConfiguration;
			baseConfigurationReference = 3047A5101AB8059700498E2A /* build-release.xcconfig */;
			buildSettings = {
				ALWAYS_SEARCH_USER_PATHS = NO;
				ASSETCATALOG_COMPILER_APPICON_NAME = AppIcon;
				ASSETCATALOG_COMPILER_LAUNCHIMAGE_NAME = LaunchImage;
				CLANG_ENABLE_MODULES = YES;
				CLANG_ENABLE_OBJC_ARC = YES;
				COPY_PHASE_STRIP = YES;
				GCC_PRECOMPILE_PREFIX_HEADER = YES;
				GCC_PREFIX_HEADER = "springnews/springnews-Prefix.pch";
				GCC_THUMB_SUPPORT = NO;
				GCC_VERSION = "";
				INFOPLIST_FILE = "springnews/springnews-Info.plist";
				PRODUCT_NAME = "springnews";
				LIBRARY_SEARCH_PATHS = (
					"$(inherited)",
					"\"$(SRCROOT)/springnews/Plugins/cordova-plugin-extension\"",
				);
				FRAMEWORK_SEARCH_PATHS = (
					"$(inherited)",
					"\"springnews/Plugins/cordova-plugin-admobpro\"",
					"\"springnews/Plugins/cordova-plugin-admobpro\"",
				);
			};
			name = Release;
		};
		C01FCF4F08A954540054247B /* Debug */ = {
			isa = XCBuildConfiguration;
			baseConfigurationReference = 3047A5111AB8059700498E2A /* build.xcconfig */;
			buildSettings = {
				CLANG_ENABLE_MODULES = YES;
				CLANG_ENABLE_OBJC_ARC = YES;
				CLANG_WARN_BOOL_CONVERSION = YES;
				CLANG_WARN_CONSTANT_CONVERSION = YES;
				CLANG_WARN_EMPTY_BODY = YES;
				CLANG_WARN_ENUM_CONVERSION = YES;
				CLANG_WARN_INT_CONVERSION = YES;
				CLANG_WARN__DUPLICATE_METHOD_MATCH = YES;
				GCC_C_LANGUAGE_STANDARD = c99;
				GCC_THUMB_SUPPORT = NO;
				GCC_VERSION = "";
				GCC_WARN_ABOUT_RETURN_TYPE = YES;
				GCC_WARN_UNDECLARED_SELECTOR = YES;
				GCC_WARN_UNINITIALIZED_AUTOS = YES;
				GCC_WARN_UNUSED_FUNCTION = YES;
				GCC_WARN_UNUSED_VARIABLE = YES;
				ONLY_ACTIVE_ARCH = YES;
				SDKROOT = iphoneos;
				SKIP_INSTALL = NO;
			};
			name = Debug;
		};
		C01FCF5008A954540054247B /* Release */ = {
			isa = XCBuildConfiguration;
			baseConfigurationReference = 3047A5111AB8059700498E2A /* build.xcconfig */;
			buildSettings = {
				CLANG_ENABLE_MODULES = YES;
				CLANG_ENABLE_OBJC_ARC = YES;
				CLANG_WARN_BOOL_CONVERSION = YES;
				CLANG_WARN_CONSTANT_CONVERSION = YES;
				CLANG_WARN_EMPTY_BODY = YES;
				CLANG_WARN_ENUM_CONVERSION = YES;
				CLANG_WARN_INT_CONVERSION = YES;
				CLANG_WARN__DUPLICATE_METHOD_MATCH = YES;
				GCC_C_LANGUAGE_STANDARD = c99;
				GCC_THUMB_SUPPORT = NO;
				GCC_VERSION = "";
				GCC_WARN_ABOUT_RETURN_TYPE = YES;
				GCC_WARN_UNDECLARED_SELECTOR = YES;
				GCC_WARN_UNINITIALIZED_AUTOS = YES;
				GCC_WARN_UNUSED_FUNCTION = YES;
				GCC_WARN_UNUSED_VARIABLE = YES;
				SDKROOT = iphoneos;
				SKIP_INSTALL = NO;
			};
			name = Release;
		};
/* End XCBuildConfiguration section */

/* Begin XCConfigurationList section */
		1D6058960D05DD3E006BFB54 /* Build configuration list for PBXNativeTarget "springnews" */ = {
			isa = XCConfigurationList;
			buildConfigurations = (
				1D6058940D05DD3E006BFB54 /* Debug */,
				1D6058950D05DD3E006BFB54 /* Release */,
			);
			defaultConfigurationIsVisible = 0;
			defaultConfigurationName = Release;
		};
		C01FCF4E08A954540054247B /* Build configuration list for PBXProject "__NON-CLI__" */ = {
			isa = XCConfigurationList;
			buildConfigurations = (
				C01FCF4F08A954540054247B /* Debug */,
				C01FCF5008A954540054247B /* Release */,
			);
			defaultConfigurationIsVisible = 0;
			defaultConfigurationName = Release;
		};
/* End XCConfigurationList section */
	};
	rootObject = 29B97313FDCFA39411CA2CEA /* Project object */;
}
